// !$*UTF8*$!
{
	archiveVersion = 1;
	classes = {
	};
	objectVersion = 56;
	objects = {

/* Begin PBXBuildFile section */
		905AA6FD2C166ABD003D2F42 /* CreateEventsViewController.swift in Sources */ = {isa = PBXBuildFile; fileRef = 905AA6FC2C166ABD003D2F42 /* CreateEventsViewController.swift */; };
		905AA6FF2C166AF4003D2F42 /* CreateSwapViewController.swift in Sources */ = {isa = PBXBuildFile; fileRef = 905AA6FE2C166AF4003D2F42 /* CreateSwapViewController.swift */; };
		905AA7012C1678EB003D2F42 /* BookclubDetailViewController.swift in Sources */ = {isa = PBXBuildFile; fileRef = 905AA7002C1678EB003D2F42 /* BookclubDetailViewController.swift */; };
		90ABB7D72C196841005BB26D /* MapViewController.swift in Sources */ = {isa = PBXBuildFile; fileRef = 90ABB7D62C196841005BB26D /* MapViewController.swift */; };
		90ABB7D92C1969E4005BB26D /* LocationManager.swift in Sources */ = {isa = PBXBuildFile; fileRef = 90ABB7D82C1969E4005BB26D /* LocationManager.swift */; };
		90ABB7E62C198B53005BB26D /* CalendarKit in Frameworks */ = {isa = PBXBuildFile; productRef = 90ABB7E52C198B53005BB26D /* CalendarKit */; };
		90ABB7E92C198B80005BB26D /* FSCalendar in Frameworks */ = {isa = PBXBuildFile; productRef = 90ABB7E82C198B80005BB26D /* FSCalendar */; };
		90ABB7EB2C198BD6005BB26D /* CalendarKit in Frameworks */ = {isa = PBXBuildFile; productRef = 90ABB7EA2C198BD6005BB26D /* CalendarKit */; };
		90ABB7EF2C19940C005BB26D /* AddEventViewController.swift in Sources */ = {isa = PBXBuildFile; fileRef = 90ABB7EE2C19940B005BB26D /* AddEventViewController.swift */; };
		D00CEC002C19834E00E13C2B /* AddBookToShelfViewController.swift in Sources */ = {isa = PBXBuildFile; fileRef = D00CEBFF2C19834E00E13C2B /* AddBookToShelfViewController.swift */; };
		D01D69232C125FFF0082EFFD /* CreateQuizFormViewController.swift in Sources */ = {isa = PBXBuildFile; fileRef = D01D69222C125FFF0082EFFD /* CreateQuizFormViewController.swift */; };
		D0244ABB2C14546400C8D87E /* FirebaseDatabase in Frameworks */ = {isa = PBXBuildFile; productRef = D0244ABA2C14546400C8D87E /* FirebaseDatabase */; };
		D04437952C12D26D00B5F7C5 /* StorageManager.swift in Sources */ = {isa = PBXBuildFile; fileRef = D04437942C12D26D00B5F7C5 /* StorageManager.swift */; };
		D04437972C13120600B5F7C5 /* MainTabBarController.swift in Sources */ = {isa = PBXBuildFile; fileRef = D04437962C13120600B5F7C5 /* MainTabBarController.swift */; };
		D04437992C139CBF00B5F7C5 /* SearchFriendsViewController.swift in Sources */ = {isa = PBXBuildFile; fileRef = D04437982C139CBF00B5F7C5 /* SearchFriendsViewController.swift */; };
		D08868F92C1451CD00CC4532 /* FirebaseDatabaseSwift in Frameworks */ = {isa = PBXBuildFile; productRef = D08868F82C1451CD00CC4532 /* FirebaseDatabaseSwift */; };
		D08903A42C110A77006F97D9 /* CreateQuizQuestionViewController.swift in Sources */ = {isa = PBXBuildFile; fileRef = D08903A32C110A77006F97D9 /* CreateQuizQuestionViewController.swift */; };
		D08CB3D82C19051B000958EF /* EventDetailViewController.swift in Sources */ = {isa = PBXBuildFile; fileRef = D08CB3D72C19051B000958EF /* EventDetailViewController.swift */; };
		D09E2DFD2C0FB1E300620EFE /* BookclubViewController.swift in Sources */ = {isa = PBXBuildFile; fileRef = D09E2DFC2C0FB1E300620EFE /* BookclubViewController.swift */; };
		D09E2DFF2C0FB29A00620EFE /* DataModel1.swift in Sources */ = {isa = PBXBuildFile; fileRef = D09E2DFE2C0FB29A00620EFE /* DataModel1.swift */; };
		D09E2E072C0FB81500620EFE /* RegisteredViewController.swift in Sources */ = {isa = PBXBuildFile; fileRef = D09E2E062C0FB81500620EFE /* RegisteredViewController.swift */; };
		D09E2E0A2C0FBA4700620EFE /* Events.storyboard in Resources */ = {isa = PBXBuildFile; fileRef = D09E2E092C0FBA4700620EFE /* Events.storyboard */; };
		D09E2E182C0FBA6F00620EFE /* SearchEventCollectionViewCell.swift in Sources */ = {isa = PBXBuildFile; fileRef = D09E2E0B2C0FBA6F00620EFE /* SearchEventCollectionViewCell.swift */; };
		D09E2E192C0FBA6F00620EFE /* QuizStartViewController.swift in Sources */ = {isa = PBXBuildFile; fileRef = D09E2E0C2C0FBA6F00620EFE /* QuizStartViewController.swift */; };
		D09E2E1A2C0FBA6F00620EFE /* EventButtonCollectionViewCell.swift in Sources */ = {isa = PBXBuildFile; fileRef = D09E2E0D2C0FBA6F00620EFE /* EventButtonCollectionViewCell.swift */; };
		D09E2E1B2C0FBA6F00620EFE /* EventCardCollectionViewCell.xib in Resources */ = {isa = PBXBuildFile; fileRef = D09E2E0E2C0FBA6F00620EFE /* EventCardCollectionViewCell.xib */; };
		D09E2E1D2C0FBA6F00620EFE /* Games.storyboard in Resources */ = {isa = PBXBuildFile; fileRef = D09E2E102C0FBA6F00620EFE /* Games.storyboard */; };
		D09E2E1E2C0FBA6F00620EFE /* SearchEventCollectionViewCell.xib in Resources */ = {isa = PBXBuildFile; fileRef = D09E2E112C0FBA6F00620EFE /* SearchEventCollectionViewCell.xib */; };
		D09E2E202C0FBA6F00620EFE /* EventCardCollectionViewCell.swift in Sources */ = {isa = PBXBuildFile; fileRef = D09E2E132C0FBA6F00620EFE /* EventCardCollectionViewCell.swift */; };
		D09E2E222C0FBA6F00620EFE /* QuizScoreViewController.swift in Sources */ = {isa = PBXBuildFile; fileRef = D09E2E152C0FBA6F00620EFE /* QuizScoreViewController.swift */; };
		D09E2E232C0FBA6F00620EFE /* QuizQuestionsViewController.swift in Sources */ = {isa = PBXBuildFile; fileRef = D09E2E162C0FBA6F00620EFE /* QuizQuestionsViewController.swift */; };
		D09E2E262C0FBB5000620EFE /* EventsViewController.swift in Sources */ = {isa = PBXBuildFile; fileRef = D09E2E252C0FBB5000620EFE /* EventsViewController.swift */; };
		D09E2E2A2C0FBC8700620EFE /* EventsSearchViewController.swift in Sources */ = {isa = PBXBuildFile; fileRef = D09E2E292C0FBC8700620EFE /* EventsSearchViewController.swift */; };
		D09E2E2C2C0FBE1800620EFE /* DetailEventsViewController.swift in Sources */ = {isa = PBXBuildFile; fileRef = D09E2E2B2C0FBE1800620EFE /* DetailEventsViewController.swift */; };
		D09E2E302C0FBEE100620EFE /* Profile.storyboard in Resources */ = {isa = PBXBuildFile; fileRef = D09E2E2F2C0FBEE100620EFE /* Profile.storyboard */; };
		D09E2E322C0FBF0100620EFE /* Swapped.storyboard in Resources */ = {isa = PBXBuildFile; fileRef = D09E2E312C0FBF0100620EFE /* Swapped.storyboard */; };
		D09E2E3A2C0FBF4900620EFE /* AutoSliderCollectionViewCell.swift in Sources */ = {isa = PBXBuildFile; fileRef = D09E2E332C0FBF4900620EFE /* AutoSliderCollectionViewCell.swift */; };
		D09E2E3C2C0FBF4900620EFE /* SwapChatsViewController.swift in Sources */ = {isa = PBXBuildFile; fileRef = D09E2E352C0FBF4900620EFE /* SwapChatsViewController.swift */; };
		D09E2E3D2C0FBF4900620EFE /* CardCollectionViewCell.xib in Resources */ = {isa = PBXBuildFile; fileRef = D09E2E362C0FBF4900620EFE /* CardCollectionViewCell.xib */; };
		D09E2E402C0FBF4900620EFE /* CardCollectionViewCell.swift in Sources */ = {isa = PBXBuildFile; fileRef = D09E2E392C0FBF4900620EFE /* CardCollectionViewCell.swift */; };
		D09E2E422C0FC04F00620EFE /* SwappedViewController.swift in Sources */ = {isa = PBXBuildFile; fileRef = D09E2E412C0FC04F00620EFE /* SwappedViewController.swift */; };
		D09E2E522C0FC10F00620EFE /* SettingsViewController.swift in Sources */ = {isa = PBXBuildFile; fileRef = D09E2E432C0FC10E00620EFE /* SettingsViewController.swift */; };
		D09E2E532C0FC10F00620EFE /* BcListCollectionViewCell.swift in Sources */ = {isa = PBXBuildFile; fileRef = D09E2E442C0FC10E00620EFE /* BcListCollectionViewCell.swift */; };
		D09E2E542C0FC10F00620EFE /* myCollectionViewCell.swift in Sources */ = {isa = PBXBuildFile; fileRef = D09E2E452C0FC10E00620EFE /* myCollectionViewCell.swift */; };
		D09E2E552C0FC10F00620EFE /* SettingTableViewCell.swift in Sources */ = {isa = PBXBuildFile; fileRef = D09E2E462C0FC10E00620EFE /* SettingTableViewCell.swift */; };
		D09E2E562C0FC10F00620EFE /* PCardCollectionViewCell.swift in Sources */ = {isa = PBXBuildFile; fileRef = D09E2E472C0FC10E00620EFE /* PCardCollectionViewCell.swift */; };
		D09E2E582C0FC10F00620EFE /* FriendsTableViewCell.xib in Resources */ = {isa = PBXBuildFile; fileRef = D09E2E492C0FC10E00620EFE /* FriendsTableViewCell.xib */; };
		D09E2E5B2C0FC10F00620EFE /* PCardCollectionViewCell.xib in Resources */ = {isa = PBXBuildFile; fileRef = D09E2E4C2C0FC10E00620EFE /* PCardCollectionViewCell.xib */; };
		D09E2E5C2C0FC10F00620EFE /* FriendsTableViewCell.swift in Sources */ = {isa = PBXBuildFile; fileRef = D09E2E4D2C0FC10E00620EFE /* FriendsTableViewCell.swift */; };
		D09E2E5D2C0FC10F00620EFE /* PViewController.swift in Sources */ = {isa = PBXBuildFile; fileRef = D09E2E4E2C0FC10E00620EFE /* PViewController.swift */; };
		D09E2E5F2C0FC10F00620EFE /* MyBcListCollectionViewCell.swift in Sources */ = {isa = PBXBuildFile; fileRef = D09E2E502C0FC10E00620EFE /* MyBcListCollectionViewCell.swift */; };
		D09E2E602C0FC10F00620EFE /* BcListCollectionViewCell.xib in Resources */ = {isa = PBXBuildFile; fileRef = D09E2E512C0FC10F00620EFE /* BcListCollectionViewCell.xib */; };
		D09E2E622C0FC1BC00620EFE /* MyProfileViewController.swift in Sources */ = {isa = PBXBuildFile; fileRef = D09E2E612C0FC1BC00620EFE /* MyProfileViewController.swift */; };
		D09E2E642C0FC25E00620EFE /* EditProfileViewController.swift in Sources */ = {isa = PBXBuildFile; fileRef = D09E2E632C0FC25E00620EFE /* EditProfileViewController.swift */; };
		D09E2E662C0FC2D200620EFE /* BookclubListViewController.swift in Sources */ = {isa = PBXBuildFile; fileRef = D09E2E652C0FC2D200620EFE /* BookclubListViewController.swift */; };
		D09E2E682C0FC36600620EFE /* UserFriendsTableViewController.swift in Sources */ = {isa = PBXBuildFile; fileRef = D09E2E672C0FC36600620EFE /* UserFriendsTableViewController.swift */; };
		D09E2E6A2C0FC49300620EFE /* ClubsCreateViewController.swift in Sources */ = {isa = PBXBuildFile; fileRef = D09E2E692C0FC49300620EFE /* ClubsCreateViewController.swift */; };
		D09E2E6C2C0FC4FF00620EFE /* UserGenreViewController.swift in Sources */ = {isa = PBXBuildFile; fileRef = D09E2E6B2C0FC4FF00620EFE /* UserGenreViewController.swift */; };
		D09E2E6E2C0FC54D00620EFE /* UserLoginViewController.swift in Sources */ = {isa = PBXBuildFile; fileRef = D09E2E6D2C0FC54D00620EFE /* UserLoginViewController.swift */; };
		D09E2E702C0FC66B00620EFE /* DateOfBirthViewController.swift in Sources */ = {isa = PBXBuildFile; fileRef = D09E2E6F2C0FC66B00620EFE /* DateOfBirthViewController.swift */; };
		D0DCE46D2C0F494600B6660E /* AppDelegate.swift in Sources */ = {isa = PBXBuildFile; fileRef = D0DCE46C2C0F494600B6660E /* AppDelegate.swift */; };
		D0DCE46F2C0F494600B6660E /* SceneDelegate.swift in Sources */ = {isa = PBXBuildFile; fileRef = D0DCE46E2C0F494600B6660E /* SceneDelegate.swift */; };
		D0DCE4712C0F494600B6660E /* ViewController.swift in Sources */ = {isa = PBXBuildFile; fileRef = D0DCE4702C0F494600B6660E /* ViewController.swift */; };
		D0DCE4762C0F494800B6660E /* Assets.xcassets in Resources */ = {isa = PBXBuildFile; fileRef = D0DCE4752C0F494800B6660E /* Assets.xcassets */; };
		D0DCE4792C0F494800B6660E /* Base in Resources */ = {isa = PBXBuildFile; fileRef = D0DCE4782C0F494800B6660E /* Base */; };
		D0DCE5222C0FA12100B6660E /* GoogleService-Info.plist in Resources */ = {isa = PBXBuildFile; fileRef = D0DCE5212C0FA12100B6660E /* GoogleService-Info.plist */; };
		D0DCE5262C0FA29600B6660E /* FirebaseAuth in Frameworks */ = {isa = PBXBuildFile; productRef = D0DCE5252C0FA29600B6660E /* FirebaseAuth */; };
		D0DCE5282C0FA29600B6660E /* FirebaseFirestore in Frameworks */ = {isa = PBXBuildFile; productRef = D0DCE5272C0FA29600B6660E /* FirebaseFirestore */; };
		D0DCE52A2C0FA2C600B6660E /* FirebaseFirestoreSwift in Frameworks */ = {isa = PBXBuildFile; productRef = D0DCE5292C0FA2C600B6660E /* FirebaseFirestoreSwift */; };
		D0DCE52C2C0FA2C600B6660E /* FirebaseStorage in Frameworks */ = {isa = PBXBuildFile; productRef = D0DCE52B2C0FA2C600B6660E /* FirebaseStorage */; };
		D0DCE53D2C0FA36B00B6660E /* BookclubChatCollectionViewCell.swift in Sources */ = {isa = PBXBuildFile; fileRef = D0DCE5302C0FA36A00B6660E /* BookclubChatCollectionViewCell.swift */; };
		D0DCE53F2C0FA36B00B6660E /* BookclubCardCollectionViewCell.xib in Resources */ = {isa = PBXBuildFile; fileRef = D0DCE5322C0FA36A00B6660E /* BookclubCardCollectionViewCell.xib */; };
		D0DCE5452C0FA36B00B6660E /* BookclubButtonCollectionViewCell.swift in Sources */ = {isa = PBXBuildFile; fileRef = D0DCE5382C0FA36A00B6660E /* BookclubButtonCollectionViewCell.swift */; };
		D0DCE5472C0FA36B00B6660E /* BookclubCardCollectionViewCell.swift in Sources */ = {isa = PBXBuildFile; fileRef = D0DCE53A2C0FA36A00B6660E /* BookclubCardCollectionViewCell.swift */; };
		D0DCE5482C0FA36B00B6660E /* BookclubChatCollectionViewCell.xib in Resources */ = {isa = PBXBuildFile; fileRef = D0DCE53B2C0FA36A00B6660E /* BookclubChatCollectionViewCell.xib */; };
		D0DCE5532C0FAAB200B6660E /* Main.storyboard in Resources */ = {isa = PBXBuildFile; fileRef = D0DCE5522C0FAAB200B6660E /* Main.storyboard */; };
		D0DCE5572C0FAB6C00B6660E /* Bookclubs.storyboard in Resources */ = {isa = PBXBuildFile; fileRef = D0DCE5562C0FAB6C00B6660E /* Bookclubs.storyboard */; };
		D0DCE5612C0FB11500B6660E /* HeaderBookclubCollectionReusableView.swift in Sources */ = {isa = PBXBuildFile; fileRef = D0DCE5602C0FB11500B6660E /* HeaderBookclubCollectionReusableView.swift */; };
		D0E050BF2C181B8000221DDB /* SplashScreenViewController.swift in Sources */ = {isa = PBXBuildFile; fileRef = D0E050BE2C181B8000221DDB /* SplashScreenViewController.swift */; };
		D0E050C12C18366D00221DDB /* SwapDetailViewController.swift in Sources */ = {isa = PBXBuildFile; fileRef = D0E050C02C18366D00221DDB /* SwapDetailViewController.swift */; };
		D0EC23CF2C10392700E14309 /* DataController.swift in Sources */ = {isa = PBXBuildFile; fileRef = D0EC23CE2C10392700E14309 /* DataController.swift */; };
		D0F131042C18E138004A93F8 /* CreateShelfFormViewController.swift in Sources */ = {isa = PBXBuildFile; fileRef = D0F131032C18E138004A93F8 /* CreateShelfFormViewController.swift */; };
		D0FF07272C0FC9CE00A68E29 /* FirstCell.xib in Resources */ = {isa = PBXBuildFile; fileRef = D0FF07262C0FC9CE00A68E29 /* FirstCell.xib */; };
		D0FF07282C0FC9CE00A68E29 /* FirstCell.swift in Sources */ = {isa = PBXBuildFile; fileRef = D0FF07252C0FC9CE00A68E29 /* FirstCell.swift */; };
		D0FF072F2C0FCAF000A68E29 /* ThirdCell.xib in Resources */ = {isa = PBXBuildFile; fileRef = D0FF072E2C0FCAF000A68E29 /* ThirdCell.xib */; };
		D0FF07302C0FCAF000A68E29 /* ThirdCell.swift in Sources */ = {isa = PBXBuildFile; fileRef = D0FF072D2C0FCAF000A68E29 /* ThirdCell.swift */; };
		D0FF07332C0FCB0500A68E29 /* SecondCell.xib in Resources */ = {isa = PBXBuildFile; fileRef = D0FF07322C0FCB0500A68E29 /* SecondCell.xib */; };
		D0FF07342C0FCB0500A68E29 /* SecondCell.swift in Sources */ = {isa = PBXBuildFile; fileRef = D0FF07312C0FCB0500A68E29 /* SecondCell.swift */; };
		E53381F02C10D6D40072DECA /* UserProfileViewController.swift in Sources */ = {isa = PBXBuildFile; fileRef = E53381EF2C10D6D40072DECA /* UserProfileViewController.swift */; };
/* End PBXBuildFile section */

/* Begin PBXFileReference section */
		905AA6FC2C166ABD003D2F42 /* CreateEventsViewController.swift */ = {isa = PBXFileReference; lastKnownFileType = sourcecode.swift; path = CreateEventsViewController.swift; sourceTree = "<group>"; };
		905AA6FE2C166AF4003D2F42 /* CreateSwapViewController.swift */ = {isa = PBXFileReference; lastKnownFileType = sourcecode.swift; path = CreateSwapViewController.swift; sourceTree = "<group>"; };
		905AA7002C1678EB003D2F42 /* BookclubDetailViewController.swift */ = {isa = PBXFileReference; lastKnownFileType = sourcecode.swift; path = BookclubDetailViewController.swift; sourceTree = "<group>"; };
		90ABB7D62C196841005BB26D /* MapViewController.swift */ = {isa = PBXFileReference; lastKnownFileType = sourcecode.swift; path = MapViewController.swift; sourceTree = "<group>"; };
		90ABB7D82C1969E4005BB26D /* LocationManager.swift */ = {isa = PBXFileReference; lastKnownFileType = sourcecode.swift; path = LocationManager.swift; sourceTree = "<group>"; };
		90ABB7EE2C19940B005BB26D /* AddEventViewController.swift */ = {isa = PBXFileReference; lastKnownFileType = sourcecode.swift; path = AddEventViewController.swift; sourceTree = "<group>"; };
		D00CEBFF2C19834E00E13C2B /* AddBookToShelfViewController.swift */ = {isa = PBXFileReference; lastKnownFileType = sourcecode.swift; path = AddBookToShelfViewController.swift; sourceTree = "<group>"; };
		D01D69222C125FFF0082EFFD /* CreateQuizFormViewController.swift */ = {isa = PBXFileReference; lastKnownFileType = sourcecode.swift; path = CreateQuizFormViewController.swift; sourceTree = "<group>"; };
		D04437942C12D26D00B5F7C5 /* StorageManager.swift */ = {isa = PBXFileReference; lastKnownFileType = sourcecode.swift; path = StorageManager.swift; sourceTree = "<group>"; };
		D04437962C13120600B5F7C5 /* MainTabBarController.swift */ = {isa = PBXFileReference; lastKnownFileType = sourcecode.swift; path = MainTabBarController.swift; sourceTree = "<group>"; };
		D04437982C139CBF00B5F7C5 /* SearchFriendsViewController.swift */ = {isa = PBXFileReference; lastKnownFileType = sourcecode.swift; path = SearchFriendsViewController.swift; sourceTree = "<group>"; };
		D05236DE2C123999001C2A8C /* CryptoKit.framework */ = {isa = PBXFileReference; lastKnownFileType = wrapper.framework; name = CryptoKit.framework; path = System/Library/Frameworks/CryptoKit.framework; sourceTree = SDKROOT; };
		D08903A32C110A77006F97D9 /* CreateQuizQuestionViewController.swift */ = {isa = PBXFileReference; lastKnownFileType = sourcecode.swift; path = CreateQuizQuestionViewController.swift; sourceTree = "<group>"; };
		D08CB3D72C19051B000958EF /* EventDetailViewController.swift */ = {isa = PBXFileReference; lastKnownFileType = sourcecode.swift; path = EventDetailViewController.swift; sourceTree = "<group>"; };
		D09E2DFC2C0FB1E300620EFE /* BookclubViewController.swift */ = {isa = PBXFileReference; lastKnownFileType = sourcecode.swift; path = BookclubViewController.swift; sourceTree = "<group>"; };
		D09E2DFE2C0FB29A00620EFE /* DataModel1.swift */ = {isa = PBXFileReference; lastKnownFileType = sourcecode.swift; path = DataModel1.swift; sourceTree = "<group>"; };
		D09E2E062C0FB81500620EFE /* RegisteredViewController.swift */ = {isa = PBXFileReference; lastKnownFileType = sourcecode.swift; path = RegisteredViewController.swift; sourceTree = "<group>"; };
		D09E2E092C0FBA4700620EFE /* Events.storyboard */ = {isa = PBXFileReference; lastKnownFileType = file.storyboard; path = Events.storyboard; sourceTree = "<group>"; };
		D09E2E0B2C0FBA6F00620EFE /* SearchEventCollectionViewCell.swift */ = {isa = PBXFileReference; fileEncoding = 4; lastKnownFileType = sourcecode.swift; path = SearchEventCollectionViewCell.swift; sourceTree = "<group>"; };
		D09E2E0C2C0FBA6F00620EFE /* QuizStartViewController.swift */ = {isa = PBXFileReference; fileEncoding = 4; lastKnownFileType = sourcecode.swift; path = QuizStartViewController.swift; sourceTree = "<group>"; };
		D09E2E0D2C0FBA6F00620EFE /* EventButtonCollectionViewCell.swift */ = {isa = PBXFileReference; fileEncoding = 4; lastKnownFileType = sourcecode.swift; path = EventButtonCollectionViewCell.swift; sourceTree = "<group>"; };
		D09E2E0E2C0FBA6F00620EFE /* EventCardCollectionViewCell.xib */ = {isa = PBXFileReference; fileEncoding = 4; lastKnownFileType = file.xib; path = EventCardCollectionViewCell.xib; sourceTree = "<group>"; };
		D09E2E102C0FBA6F00620EFE /* Games.storyboard */ = {isa = PBXFileReference; fileEncoding = 4; lastKnownFileType = file.storyboard; path = Games.storyboard; sourceTree = "<group>"; };
		D09E2E112C0FBA6F00620EFE /* SearchEventCollectionViewCell.xib */ = {isa = PBXFileReference; fileEncoding = 4; lastKnownFileType = file.xib; path = SearchEventCollectionViewCell.xib; sourceTree = "<group>"; };
		D09E2E132C0FBA6F00620EFE /* EventCardCollectionViewCell.swift */ = {isa = PBXFileReference; fileEncoding = 4; lastKnownFileType = sourcecode.swift; path = EventCardCollectionViewCell.swift; sourceTree = "<group>"; };
		D09E2E152C0FBA6F00620EFE /* QuizScoreViewController.swift */ = {isa = PBXFileReference; fileEncoding = 4; lastKnownFileType = sourcecode.swift; path = QuizScoreViewController.swift; sourceTree = "<group>"; };
		D09E2E162C0FBA6F00620EFE /* QuizQuestionsViewController.swift */ = {isa = PBXFileReference; fileEncoding = 4; lastKnownFileType = sourcecode.swift; path = QuizQuestionsViewController.swift; sourceTree = "<group>"; };
		D09E2E252C0FBB5000620EFE /* EventsViewController.swift */ = {isa = PBXFileReference; lastKnownFileType = sourcecode.swift; path = EventsViewController.swift; sourceTree = "<group>"; };
		D09E2E292C0FBC8700620EFE /* EventsSearchViewController.swift */ = {isa = PBXFileReference; lastKnownFileType = sourcecode.swift; path = EventsSearchViewController.swift; sourceTree = "<group>"; };
		D09E2E2B2C0FBE1800620EFE /* DetailEventsViewController.swift */ = {isa = PBXFileReference; lastKnownFileType = sourcecode.swift; path = DetailEventsViewController.swift; sourceTree = "<group>"; };
		D09E2E2F2C0FBEE100620EFE /* Profile.storyboard */ = {isa = PBXFileReference; lastKnownFileType = file.storyboard; path = Profile.storyboard; sourceTree = "<group>"; };
		D09E2E312C0FBF0100620EFE /* Swapped.storyboard */ = {isa = PBXFileReference; lastKnownFileType = file.storyboard; path = Swapped.storyboard; sourceTree = "<group>"; };
		D09E2E332C0FBF4900620EFE /* AutoSliderCollectionViewCell.swift */ = {isa = PBXFileReference; fileEncoding = 4; lastKnownFileType = sourcecode.swift; path = AutoSliderCollectionViewCell.swift; sourceTree = "<group>"; };
		D09E2E352C0FBF4900620EFE /* SwapChatsViewController.swift */ = {isa = PBXFileReference; fileEncoding = 4; lastKnownFileType = sourcecode.swift; path = SwapChatsViewController.swift; sourceTree = "<group>"; };
		D09E2E362C0FBF4900620EFE /* CardCollectionViewCell.xib */ = {isa = PBXFileReference; fileEncoding = 4; lastKnownFileType = file.xib; path = CardCollectionViewCell.xib; sourceTree = "<group>"; };
		D09E2E392C0FBF4900620EFE /* CardCollectionViewCell.swift */ = {isa = PBXFileReference; fileEncoding = 4; lastKnownFileType = sourcecode.swift; path = CardCollectionViewCell.swift; sourceTree = "<group>"; };
		D09E2E412C0FC04F00620EFE /* SwappedViewController.swift */ = {isa = PBXFileReference; lastKnownFileType = sourcecode.swift; path = SwappedViewController.swift; sourceTree = "<group>"; };
		D09E2E432C0FC10E00620EFE /* SettingsViewController.swift */ = {isa = PBXFileReference; fileEncoding = 4; lastKnownFileType = sourcecode.swift; path = SettingsViewController.swift; sourceTree = "<group>"; };
		D09E2E442C0FC10E00620EFE /* BcListCollectionViewCell.swift */ = {isa = PBXFileReference; fileEncoding = 4; lastKnownFileType = sourcecode.swift; path = BcListCollectionViewCell.swift; sourceTree = "<group>"; };
		D09E2E452C0FC10E00620EFE /* myCollectionViewCell.swift */ = {isa = PBXFileReference; fileEncoding = 4; lastKnownFileType = sourcecode.swift; path = myCollectionViewCell.swift; sourceTree = "<group>"; };
		D09E2E462C0FC10E00620EFE /* SettingTableViewCell.swift */ = {isa = PBXFileReference; fileEncoding = 4; lastKnownFileType = sourcecode.swift; path = SettingTableViewCell.swift; sourceTree = "<group>"; };
		D09E2E472C0FC10E00620EFE /* PCardCollectionViewCell.swift */ = {isa = PBXFileReference; fileEncoding = 4; lastKnownFileType = sourcecode.swift; path = PCardCollectionViewCell.swift; sourceTree = "<group>"; };
		D09E2E492C0FC10E00620EFE /* FriendsTableViewCell.xib */ = {isa = PBXFileReference; fileEncoding = 4; lastKnownFileType = file.xib; path = FriendsTableViewCell.xib; sourceTree = "<group>"; };
		D09E2E4C2C0FC10E00620EFE /* PCardCollectionViewCell.xib */ = {isa = PBXFileReference; fileEncoding = 4; lastKnownFileType = file.xib; path = PCardCollectionViewCell.xib; sourceTree = "<group>"; };
		D09E2E4D2C0FC10E00620EFE /* FriendsTableViewCell.swift */ = {isa = PBXFileReference; fileEncoding = 4; lastKnownFileType = sourcecode.swift; path = FriendsTableViewCell.swift; sourceTree = "<group>"; };
		D09E2E4E2C0FC10E00620EFE /* PViewController.swift */ = {isa = PBXFileReference; fileEncoding = 4; lastKnownFileType = sourcecode.swift; path = PViewController.swift; sourceTree = "<group>"; };
		D09E2E502C0FC10E00620EFE /* MyBcListCollectionViewCell.swift */ = {isa = PBXFileReference; fileEncoding = 4; lastKnownFileType = sourcecode.swift; path = MyBcListCollectionViewCell.swift; sourceTree = "<group>"; };
		D09E2E512C0FC10F00620EFE /* BcListCollectionViewCell.xib */ = {isa = PBXFileReference; fileEncoding = 4; lastKnownFileType = file.xib; path = BcListCollectionViewCell.xib; sourceTree = "<group>"; };
		D09E2E612C0FC1BC00620EFE /* MyProfileViewController.swift */ = {isa = PBXFileReference; lastKnownFileType = sourcecode.swift; path = MyProfileViewController.swift; sourceTree = "<group>"; };
		D09E2E632C0FC25E00620EFE /* EditProfileViewController.swift */ = {isa = PBXFileReference; lastKnownFileType = sourcecode.swift; path = EditProfileViewController.swift; sourceTree = "<group>"; };
		D09E2E652C0FC2D200620EFE /* BookclubListViewController.swift */ = {isa = PBXFileReference; lastKnownFileType = sourcecode.swift; path = BookclubListViewController.swift; sourceTree = "<group>"; };
		D09E2E672C0FC36600620EFE /* UserFriendsTableViewController.swift */ = {isa = PBXFileReference; lastKnownFileType = sourcecode.swift; path = UserFriendsTableViewController.swift; sourceTree = "<group>"; };
		D09E2E692C0FC49300620EFE /* ClubsCreateViewController.swift */ = {isa = PBXFileReference; lastKnownFileType = sourcecode.swift; path = ClubsCreateViewController.swift; sourceTree = "<group>"; };
		D09E2E6B2C0FC4FF00620EFE /* UserGenreViewController.swift */ = {isa = PBXFileReference; lastKnownFileType = sourcecode.swift; path = UserGenreViewController.swift; sourceTree = "<group>"; };
		D09E2E6D2C0FC54D00620EFE /* UserLoginViewController.swift */ = {isa = PBXFileReference; lastKnownFileType = sourcecode.swift; path = UserLoginViewController.swift; sourceTree = "<group>"; };
		D09E2E6F2C0FC66B00620EFE /* DateOfBirthViewController.swift */ = {isa = PBXFileReference; lastKnownFileType = sourcecode.swift; path = DateOfBirthViewController.swift; sourceTree = "<group>"; };
		D0DCE4692C0F494600B6660E /* New_Bookspeare.app */ = {isa = PBXFileReference; explicitFileType = wrapper.application; includeInIndex = 0; path = New_Bookspeare.app; sourceTree = BUILT_PRODUCTS_DIR; };
		D0DCE46C2C0F494600B6660E /* AppDelegate.swift */ = {isa = PBXFileReference; lastKnownFileType = sourcecode.swift; path = AppDelegate.swift; sourceTree = "<group>"; };
		D0DCE46E2C0F494600B6660E /* SceneDelegate.swift */ = {isa = PBXFileReference; lastKnownFileType = sourcecode.swift; path = SceneDelegate.swift; sourceTree = "<group>"; };
		D0DCE4702C0F494600B6660E /* ViewController.swift */ = {isa = PBXFileReference; lastKnownFileType = sourcecode.swift; path = ViewController.swift; sourceTree = "<group>"; };
		D0DCE4752C0F494800B6660E /* Assets.xcassets */ = {isa = PBXFileReference; lastKnownFileType = folder.assetcatalog; path = Assets.xcassets; sourceTree = "<group>"; };
		D0DCE4782C0F494800B6660E /* Base */ = {isa = PBXFileReference; lastKnownFileType = file.storyboard; name = Base; path = Base.lproj/LaunchScreen.storyboard; sourceTree = "<group>"; };
		D0DCE47A2C0F494800B6660E /* Info.plist */ = {isa = PBXFileReference; lastKnownFileType = text.plist.xml; path = Info.plist; sourceTree = "<group>"; };
		D0DCE5212C0FA12100B6660E /* GoogleService-Info.plist */ = {isa = PBXFileReference; fileEncoding = 4; lastKnownFileType = text.plist.xml; path = "GoogleService-Info.plist"; sourceTree = "<group>"; };
		D0DCE5302C0FA36A00B6660E /* BookclubChatCollectionViewCell.swift */ = {isa = PBXFileReference; fileEncoding = 4; lastKnownFileType = sourcecode.swift; path = BookclubChatCollectionViewCell.swift; sourceTree = "<group>"; };
		D0DCE5322C0FA36A00B6660E /* BookclubCardCollectionViewCell.xib */ = {isa = PBXFileReference; fileEncoding = 4; lastKnownFileType = file.xib; path = BookclubCardCollectionViewCell.xib; sourceTree = "<group>"; };
		D0DCE5382C0FA36A00B6660E /* BookclubButtonCollectionViewCell.swift */ = {isa = PBXFileReference; fileEncoding = 4; lastKnownFileType = sourcecode.swift; path = BookclubButtonCollectionViewCell.swift; sourceTree = "<group>"; };
		D0DCE53A2C0FA36A00B6660E /* BookclubCardCollectionViewCell.swift */ = {isa = PBXFileReference; fileEncoding = 4; lastKnownFileType = sourcecode.swift; path = BookclubCardCollectionViewCell.swift; sourceTree = "<group>"; };
		D0DCE53B2C0FA36A00B6660E /* BookclubChatCollectionViewCell.xib */ = {isa = PBXFileReference; fileEncoding = 4; lastKnownFileType = file.xib; path = BookclubChatCollectionViewCell.xib; sourceTree = "<group>"; };
		D0DCE5522C0FAAB200B6660E /* Main.storyboard */ = {isa = PBXFileReference; lastKnownFileType = file.storyboard; path = Main.storyboard; sourceTree = "<group>"; };
		D0DCE5562C0FAB6C00B6660E /* Bookclubs.storyboard */ = {isa = PBXFileReference; lastKnownFileType = file.storyboard; path = Bookclubs.storyboard; sourceTree = "<group>"; };
		D0DCE5602C0FB11500B6660E /* HeaderBookclubCollectionReusableView.swift */ = {isa = PBXFileReference; fileEncoding = 4; lastKnownFileType = sourcecode.swift; path = HeaderBookclubCollectionReusableView.swift; sourceTree = "<group>"; };
		D0E050BE2C181B8000221DDB /* SplashScreenViewController.swift */ = {isa = PBXFileReference; lastKnownFileType = sourcecode.swift; path = SplashScreenViewController.swift; sourceTree = "<group>"; };
		D0E050C02C18366D00221DDB /* SwapDetailViewController.swift */ = {isa = PBXFileReference; lastKnownFileType = sourcecode.swift; path = SwapDetailViewController.swift; sourceTree = "<group>"; };
		D0EC23CE2C10392700E14309 /* DataController.swift */ = {isa = PBXFileReference; lastKnownFileType = sourcecode.swift; path = DataController.swift; sourceTree = "<group>"; };
		D0F131032C18E138004A93F8 /* CreateShelfFormViewController.swift */ = {isa = PBXFileReference; lastKnownFileType = sourcecode.swift; path = CreateShelfFormViewController.swift; sourceTree = "<group>"; };
		D0FF07252C0FC9CE00A68E29 /* FirstCell.swift */ = {isa = PBXFileReference; lastKnownFileType = sourcecode.swift; path = FirstCell.swift; sourceTree = "<group>"; };
		D0FF07262C0FC9CE00A68E29 /* FirstCell.xib */ = {isa = PBXFileReference; lastKnownFileType = file.xib; path = FirstCell.xib; sourceTree = "<group>"; };
		D0FF072D2C0FCAF000A68E29 /* ThirdCell.swift */ = {isa = PBXFileReference; lastKnownFileType = sourcecode.swift; path = ThirdCell.swift; sourceTree = "<group>"; };
		D0FF072E2C0FCAF000A68E29 /* ThirdCell.xib */ = {isa = PBXFileReference; lastKnownFileType = file.xib; path = ThirdCell.xib; sourceTree = "<group>"; };
		D0FF07312C0FCB0500A68E29 /* SecondCell.swift */ = {isa = PBXFileReference; lastKnownFileType = sourcecode.swift; path = SecondCell.swift; sourceTree = "<group>"; };
		D0FF07322C0FCB0500A68E29 /* SecondCell.xib */ = {isa = PBXFileReference; lastKnownFileType = file.xib; path = SecondCell.xib; sourceTree = "<group>"; };
		E53381EF2C10D6D40072DECA /* UserProfileViewController.swift */ = {isa = PBXFileReference; lastKnownFileType = sourcecode.swift; path = UserProfileViewController.swift; sourceTree = "<group>"; };
/* End PBXFileReference section */

/* Begin PBXFrameworksBuildPhase section */
		D0DCE4662C0F494600B6660E /* Frameworks */ = {
			isa = PBXFrameworksBuildPhase;
			buildActionMask = 2147483647;
			files = (
				90ABB7E62C198B53005BB26D /* CalendarKit in Frameworks */,
				D0244ABB2C14546400C8D87E /* FirebaseDatabase in Frameworks */,
				D08868F92C1451CD00CC4532 /* FirebaseDatabaseSwift in Frameworks */,
				D0DCE5262C0FA29600B6660E /* FirebaseAuth in Frameworks */,
				D0DCE52C2C0FA2C600B6660E /* FirebaseStorage in Frameworks */,
				90ABB7E92C198B80005BB26D /* FSCalendar in Frameworks */,
				D0DCE5282C0FA29600B6660E /* FirebaseFirestore in Frameworks */,
				90ABB7EB2C198BD6005BB26D /* CalendarKit in Frameworks */,
				D0DCE52A2C0FA2C600B6660E /* FirebaseFirestoreSwift in Frameworks */,
			);
			runOnlyForDeploymentPostprocessing = 0;
		};
/* End PBXFrameworksBuildPhase section */

/* Begin PBXGroup section */
		D09E2E082C0FBA2400620EFE /* Events */ = {
			isa = PBXGroup;
			children = (
				D09E2E0D2C0FBA6F00620EFE /* EventButtonCollectionViewCell.swift */,
				D09E2E132C0FBA6F00620EFE /* EventCardCollectionViewCell.swift */,
				D09E2E0E2C0FBA6F00620EFE /* EventCardCollectionViewCell.xib */,
				D09E2E102C0FBA6F00620EFE /* Games.storyboard */,
				D09E2E162C0FBA6F00620EFE /* QuizQuestionsViewController.swift */,
				D09E2E152C0FBA6F00620EFE /* QuizScoreViewController.swift */,
				D09E2E0C2C0FBA6F00620EFE /* QuizStartViewController.swift */,
				D09E2E0B2C0FBA6F00620EFE /* SearchEventCollectionViewCell.swift */,
				D09E2E112C0FBA6F00620EFE /* SearchEventCollectionViewCell.xib */,
				D09E2E092C0FBA4700620EFE /* Events.storyboard */,
				90ABB7EE2C19940B005BB26D /* AddEventViewController.swift */,
				D09E2E252C0FBB5000620EFE /* EventsViewController.swift */,
				D09E2E292C0FBC8700620EFE /* EventsSearchViewController.swift */,
				D09E2E2B2C0FBE1800620EFE /* DetailEventsViewController.swift */,
				D08903A32C110A77006F97D9 /* CreateQuizQuestionViewController.swift */,
				D01D69222C125FFF0082EFFD /* CreateQuizFormViewController.swift */,
				905AA6FC2C166ABD003D2F42 /* CreateEventsViewController.swift */,
				D08CB3D72C19051B000958EF /* EventDetailViewController.swift */,
			);
			path = Events;
			sourceTree = "<group>";
		};
		D09E2E2D2C0FBEB100620EFE /* Profile */ = {
			isa = PBXGroup;
			children = (
				D09E2E2F2C0FBEE100620EFE /* Profile.storyboard */,
				D09E2E632C0FC25E00620EFE /* EditProfileViewController.swift */,
				D09E2E4E2C0FC10E00620EFE /* PViewController.swift */,
				E53381EF2C10D6D40072DECA /* UserProfileViewController.swift */,
				D09E2E652C0FC2D200620EFE /* BookclubListViewController.swift */,
				D09E2E502C0FC10E00620EFE /* MyBcListCollectionViewCell.swift */,
				D09E2E442C0FC10E00620EFE /* BcListCollectionViewCell.swift */,
				D09E2E512C0FC10F00620EFE /* BcListCollectionViewCell.xib */,
				D09E2E452C0FC10E00620EFE /* myCollectionViewCell.swift */,
				D09E2E472C0FC10E00620EFE /* PCardCollectionViewCell.swift */,
				D09E2E4C2C0FC10E00620EFE /* PCardCollectionViewCell.xib */,
				D09E2E612C0FC1BC00620EFE /* MyProfileViewController.swift */,
				D09E2E432C0FC10E00620EFE /* SettingsViewController.swift */,
				D09E2E462C0FC10E00620EFE /* SettingTableViewCell.swift */,
				D04437982C139CBF00B5F7C5 /* SearchFriendsViewController.swift */,
				D0F131032C18E138004A93F8 /* CreateShelfFormViewController.swift */,
				D09E2E672C0FC36600620EFE /* UserFriendsTableViewController.swift */,
				D09E2E4D2C0FC10E00620EFE /* FriendsTableViewCell.swift */,
				D09E2E492C0FC10E00620EFE /* FriendsTableViewCell.xib */,
				D00CEBFF2C19834E00E13C2B /* AddBookToShelfViewController.swift */,
			);
			path = Profile;
			sourceTree = "<group>";
		};
		D09E2E2E2C0FBEBE00620EFE /* Swap */ = {
			isa = PBXGroup;
			children = (
				D09E2E332C0FBF4900620EFE /* AutoSliderCollectionViewCell.swift */,
				D09E2E392C0FBF4900620EFE /* CardCollectionViewCell.swift */,
				D09E2E362C0FBF4900620EFE /* CardCollectionViewCell.xib */,
				D09E2E352C0FBF4900620EFE /* SwapChatsViewController.swift */,
				D09E2E312C0FBF0100620EFE /* Swapped.storyboard */,
				90ABB7D62C196841005BB26D /* MapViewController.swift */,
				90ABB7D82C1969E4005BB26D /* LocationManager.swift */,
				D09E2E412C0FC04F00620EFE /* SwappedViewController.swift */,
				905AA6FE2C166AF4003D2F42 /* CreateSwapViewController.swift */,
				D0E050C02C18366D00221DDB /* SwapDetailViewController.swift */,
			);
			path = Swap;
			sourceTree = "<group>";
		};
		D0DCE4602C0F494600B6660E = {
			isa = PBXGroup;
			children = (
				D0DCE46B2C0F494600B6660E /* New_Bookspeare */,
				D0DCE46A2C0F494600B6660E /* Products */,
				D0DCE5242C0FA29600B6660E /* Frameworks */,
			);
			sourceTree = "<group>";
		};
		D0DCE46A2C0F494600B6660E /* Products */ = {
			isa = PBXGroup;
			children = (
				D0DCE4692C0F494600B6660E /* New_Bookspeare.app */,
			);
			name = Products;
			sourceTree = "<group>";
		};
		D0DCE46B2C0F494600B6660E /* New_Bookspeare */ = {
			isa = PBXGroup;
			children = (
				D09E2E2E2C0FBEBE00620EFE /* Swap */,
				D09E2E2D2C0FBEB100620EFE /* Profile */,
				D09E2E082C0FBA2400620EFE /* Events */,
				D0DCE52E2C0FA33F00B6660E /* Bookclubs */,
				D0DCE5212C0FA12100B6660E /* GoogleService-Info.plist */,
				D0DCE46C2C0F494600B6660E /* AppDelegate.swift */,
				D0DCE46E2C0F494600B6660E /* SceneDelegate.swift */,
				D0DCE4702C0F494600B6660E /* ViewController.swift */,
				D0DCE4752C0F494800B6660E /* Assets.xcassets */,
				D0DCE4772C0F494800B6660E /* LaunchScreen.storyboard */,
				D0DCE47A2C0F494800B6660E /* Info.plist */,
				D0DCE5522C0FAAB200B6660E /* Main.storyboard */,
				D04437962C13120600B5F7C5 /* MainTabBarController.swift */,
				D09E2DFE2C0FB29A00620EFE /* DataModel1.swift */,
				D0EC23CE2C10392700E14309 /* DataController.swift */,
				D04437942C12D26D00B5F7C5 /* StorageManager.swift */,
				D0E050BE2C181B8000221DDB /* SplashScreenViewController.swift */,
			);
			path = New_Bookspeare;
			sourceTree = "<group>";
		};
		D0DCE5242C0FA29600B6660E /* Frameworks */ = {
			isa = PBXGroup;
			children = (
				D05236DE2C123999001C2A8C /* CryptoKit.framework */,
			);
			name = Frameworks;
			sourceTree = "<group>";
		};
		D0DCE52E2C0FA33F00B6660E /* Bookclubs */ = {
			isa = PBXGroup;
			children = (
				D0DCE5382C0FA36A00B6660E /* BookclubButtonCollectionViewCell.swift */,
				D09E2DFC2C0FB1E300620EFE /* BookclubViewController.swift */,
				D0DCE53A2C0FA36A00B6660E /* BookclubCardCollectionViewCell.swift */,
				D0DCE5322C0FA36A00B6660E /* BookclubCardCollectionViewCell.xib */,
				D0DCE5302C0FA36A00B6660E /* BookclubChatCollectionViewCell.swift */,
				D0DCE53B2C0FA36A00B6660E /* BookclubChatCollectionViewCell.xib */,
				D0DCE5602C0FB11500B6660E /* HeaderBookclubCollectionReusableView.swift */,
				D0DCE5562C0FAB6C00B6660E /* Bookclubs.storyboard */,
				D09E2E062C0FB81500620EFE /* RegisteredViewController.swift */,
				D09E2E692C0FC49300620EFE /* ClubsCreateViewController.swift */,
				D09E2E6B2C0FC4FF00620EFE /* UserGenreViewController.swift */,
				D09E2E6D2C0FC54D00620EFE /* UserLoginViewController.swift */,
				D09E2E6F2C0FC66B00620EFE /* DateOfBirthViewController.swift */,
				D0FF07252C0FC9CE00A68E29 /* FirstCell.swift */,
				D0FF07262C0FC9CE00A68E29 /* FirstCell.xib */,
				D0FF072D2C0FCAF000A68E29 /* ThirdCell.swift */,
				D0FF072E2C0FCAF000A68E29 /* ThirdCell.xib */,
				D0FF07312C0FCB0500A68E29 /* SecondCell.swift */,
				D0FF07322C0FCB0500A68E29 /* SecondCell.xib */,
				905AA7002C1678EB003D2F42 /* BookclubDetailViewController.swift */,
			);
			path = Bookclubs;
			sourceTree = "<group>";
		};
/* End PBXGroup section */

/* Begin PBXNativeTarget section */
		D0DCE4682C0F494600B6660E /* New_Bookspeare */ = {
			isa = PBXNativeTarget;
			buildConfigurationList = D0DCE47D2C0F494800B6660E /* Build configuration list for PBXNativeTarget "New_Bookspeare" */;
			buildPhases = (
				D0DCE4652C0F494600B6660E /* Sources */,
				D0DCE4662C0F494600B6660E /* Frameworks */,
				D0DCE4672C0F494600B6660E /* Resources */,
			);
			buildRules = (
			);
			dependencies = (
			);
			name = New_Bookspeare;
			packageProductDependencies = (
				D0DCE5252C0FA29600B6660E /* FirebaseAuth */,
				D0DCE5272C0FA29600B6660E /* FirebaseFirestore */,
				D0DCE5292C0FA2C600B6660E /* FirebaseFirestoreSwift */,
				D0DCE52B2C0FA2C600B6660E /* FirebaseStorage */,
				D08868F82C1451CD00CC4532 /* FirebaseDatabaseSwift */,
				D0244ABA2C14546400C8D87E /* FirebaseDatabase */,
				90ABB7E52C198B53005BB26D /* CalendarKit */,
				90ABB7E82C198B80005BB26D /* FSCalendar */,
				90ABB7EA2C198BD6005BB26D /* CalendarKit */,
			);
			productName = New_Bookspeare;
			productReference = D0DCE4692C0F494600B6660E /* New_Bookspeare.app */;
			productType = "com.apple.product-type.application";
		};
/* End PBXNativeTarget section */

/* Begin PBXProject section */
		D0DCE4612C0F494600B6660E /* Project object */ = {
			isa = PBXProject;
			attributes = {
				BuildIndependentTargetsInParallel = 1;
				LastSwiftUpdateCheck = 1540;
				LastUpgradeCheck = 1540;
				TargetAttributes = {
					D0DCE4682C0F494600B6660E = {
						CreatedOnToolsVersion = 15.4;
					};
				};
			};
			buildConfigurationList = D0DCE4642C0F494600B6660E /* Build configuration list for PBXProject "New_Bookspeare" */;
			compatibilityVersion = "Xcode 14.0";
			developmentRegion = en;
			hasScannedForEncodings = 0;
			knownRegions = (
				en,
				Base,
			);
			mainGroup = D0DCE4602C0F494600B6660E;
			packageReferences = (
				D0DCE5232C0FA22F00B6660E /* XCRemoteSwiftPackageReference "firebase-ios-sdk" */,
				90ABB7E42C198B53005BB26D /* XCRemoteSwiftPackageReference "CalendarKit" */,
				90ABB7E72C198B80005BB26D /* XCRemoteSwiftPackageReference "FSCalendar" */,
			);
			productRefGroup = D0DCE46A2C0F494600B6660E /* Products */;
			projectDirPath = "";
			projectRoot = "";
			targets = (
				D0DCE4682C0F494600B6660E /* New_Bookspeare */,
			);
		};
/* End PBXProject section */

/* Begin PBXResourcesBuildPhase section */
		D0DCE4672C0F494600B6660E /* Resources */ = {
			isa = PBXResourcesBuildPhase;
			buildActionMask = 2147483647;
			files = (
				D09E2E602C0FC10F00620EFE /* BcListCollectionViewCell.xib in Resources */,
				D0FF07272C0FC9CE00A68E29 /* FirstCell.xib in Resources */,
				D09E2E1E2C0FBA6F00620EFE /* SearchEventCollectionViewCell.xib in Resources */,
				D0FF072F2C0FCAF000A68E29 /* ThirdCell.xib in Resources */,
				D09E2E1D2C0FBA6F00620EFE /* Games.storyboard in Resources */,
				D0DCE5532C0FAAB200B6660E /* Main.storyboard in Resources */,
				D0DCE5222C0FA12100B6660E /* GoogleService-Info.plist in Resources */,
				D0FF07332C0FCB0500A68E29 /* SecondCell.xib in Resources */,
				D0DCE5572C0FAB6C00B6660E /* Bookclubs.storyboard in Resources */,
				D09E2E0A2C0FBA4700620EFE /* Events.storyboard in Resources */,
				D0DCE53F2C0FA36B00B6660E /* BookclubCardCollectionViewCell.xib in Resources */,
				D09E2E1B2C0FBA6F00620EFE /* EventCardCollectionViewCell.xib in Resources */,
				D0DCE4762C0F494800B6660E /* Assets.xcassets in Resources */,
				D09E2E5B2C0FC10F00620EFE /* PCardCollectionViewCell.xib in Resources */,
				D09E2E3D2C0FBF4900620EFE /* CardCollectionViewCell.xib in Resources */,
				D0DCE4792C0F494800B6660E /* Base in Resources */,
				D09E2E302C0FBEE100620EFE /* Profile.storyboard in Resources */,
				D09E2E322C0FBF0100620EFE /* Swapped.storyboard in Resources */,
				D0DCE5482C0FA36B00B6660E /* BookclubChatCollectionViewCell.xib in Resources */,
				D09E2E582C0FC10F00620EFE /* FriendsTableViewCell.xib in Resources */,
			);
			runOnlyForDeploymentPostprocessing = 0;
		};
/* End PBXResourcesBuildPhase section */

/* Begin PBXSourcesBuildPhase section */
		D0DCE4652C0F494600B6660E /* Sources */ = {
			isa = PBXSourcesBuildPhase;
			buildActionMask = 2147483647;
			files = (
				D0DCE4712C0F494600B6660E /* ViewController.swift in Sources */,
				D01D69232C125FFF0082EFFD /* CreateQuizFormViewController.swift in Sources */,
				D04437972C13120600B5F7C5 /* MainTabBarController.swift in Sources */,
				D0F131042C18E138004A93F8 /* CreateShelfFormViewController.swift in Sources */,
				D09E2E6C2C0FC4FF00620EFE /* UserGenreViewController.swift in Sources */,
				D09E2E522C0FC10F00620EFE /* SettingsViewController.swift in Sources */,
				D09E2E2A2C0FBC8700620EFE /* EventsSearchViewController.swift in Sources */,
				D00CEC002C19834E00E13C2B /* AddBookToShelfViewController.swift in Sources */,
				D04437992C139CBF00B5F7C5 /* SearchFriendsViewController.swift in Sources */,
				D09E2E6E2C0FC54D00620EFE /* UserLoginViewController.swift in Sources */,
				D09E2E072C0FB81500620EFE /* RegisteredViewController.swift in Sources */,
				D09E2E5D2C0FC10F00620EFE /* PViewController.swift in Sources */,
				90ABB7EF2C19940C005BB26D /* AddEventViewController.swift in Sources */,
				D09E2E642C0FC25E00620EFE /* EditProfileViewController.swift in Sources */,
				D09E2E232C0FBA6F00620EFE /* QuizQuestionsViewController.swift in Sources */,
				D09E2E2C2C0FBE1800620EFE /* DetailEventsViewController.swift in Sources */,
				D09E2E262C0FBB5000620EFE /* EventsViewController.swift in Sources */,
				D09E2E5C2C0FC10F00620EFE /* FriendsTableViewCell.swift in Sources */,
				D0DCE53D2C0FA36B00B6660E /* BookclubChatCollectionViewCell.swift in Sources */,
				D08903A42C110A77006F97D9 /* CreateQuizQuestionViewController.swift in Sources */,
				D09E2DFF2C0FB29A00620EFE /* DataModel1.swift in Sources */,
				D0FF07282C0FC9CE00A68E29 /* FirstCell.swift in Sources */,
				D04437952C12D26D00B5F7C5 /* StorageManager.swift in Sources */,
				D09E2DFD2C0FB1E300620EFE /* BookclubViewController.swift in Sources */,
				D08CB3D82C19051B000958EF /* EventDetailViewController.swift in Sources */,
				D0DCE46D2C0F494600B6660E /* AppDelegate.swift in Sources */,
				D09E2E422C0FC04F00620EFE /* SwappedViewController.swift in Sources */,
				D0DCE5472C0FA36B00B6660E /* BookclubCardCollectionViewCell.swift in Sources */,
				D09E2E222C0FBA6F00620EFE /* QuizScoreViewController.swift in Sources */,
				905AA6FD2C166ABD003D2F42 /* CreateEventsViewController.swift in Sources */,
				D09E2E182C0FBA6F00620EFE /* SearchEventCollectionViewCell.swift in Sources */,
				905AA7012C1678EB003D2F42 /* BookclubDetailViewController.swift in Sources */,
				D09E2E5F2C0FC10F00620EFE /* MyBcListCollectionViewCell.swift in Sources */,
				D09E2E202C0FBA6F00620EFE /* EventCardCollectionViewCell.swift in Sources */,
				D09E2E702C0FC66B00620EFE /* DateOfBirthViewController.swift in Sources */,
				D0DCE5612C0FB11500B6660E /* HeaderBookclubCollectionReusableView.swift in Sources */,
				D0DCE5452C0FA36B00B6660E /* BookclubButtonCollectionViewCell.swift in Sources */,
				90ABB7D72C196841005BB26D /* MapViewController.swift in Sources */,
				E53381F02C10D6D40072DECA /* UserProfileViewController.swift in Sources */,
				D09E2E682C0FC36600620EFE /* UserFriendsTableViewController.swift in Sources */,
				D09E2E1A2C0FBA6F00620EFE /* EventButtonCollectionViewCell.swift in Sources */,
				D09E2E402C0FBF4900620EFE /* CardCollectionViewCell.swift in Sources */,
				D0E050BF2C181B8000221DDB /* SplashScreenViewController.swift in Sources */,
				D09E2E622C0FC1BC00620EFE /* MyProfileViewController.swift in Sources */,
				D09E2E662C0FC2D200620EFE /* BookclubListViewController.swift in Sources */,
				D09E2E542C0FC10F00620EFE /* myCollectionViewCell.swift in Sources */,
				D09E2E3A2C0FBF4900620EFE /* AutoSliderCollectionViewCell.swift in Sources */,
				D09E2E562C0FC10F00620EFE /* PCardCollectionViewCell.swift in Sources */,
				D09E2E3C2C0FBF4900620EFE /* SwapChatsViewController.swift in Sources */,
				D09E2E552C0FC10F00620EFE /* SettingTableViewCell.swift in Sources */,
				D09E2E6A2C0FC49300620EFE /* ClubsCreateViewController.swift in Sources */,
				D0FF07302C0FCAF000A68E29 /* ThirdCell.swift in Sources */,
				D0FF07342C0FCB0500A68E29 /* SecondCell.swift in Sources */,
				D0EC23CF2C10392700E14309 /* DataController.swift in Sources */,
				905AA6FF2C166AF4003D2F42 /* CreateSwapViewController.swift in Sources */,
				D09E2E192C0FBA6F00620EFE /* QuizStartViewController.swift in Sources */,
				90ABB7D92C1969E4005BB26D /* LocationManager.swift in Sources */,
				D09E2E532C0FC10F00620EFE /* BcListCollectionViewCell.swift in Sources */,
				D0E050C12C18366D00221DDB /* SwapDetailViewController.swift in Sources */,
				D0DCE46F2C0F494600B6660E /* SceneDelegate.swift in Sources */,
			);
			runOnlyForDeploymentPostprocessing = 0;
		};
/* End PBXSourcesBuildPhase section */

/* Begin PBXVariantGroup section */
		D0DCE4772C0F494800B6660E /* LaunchScreen.storyboard */ = {
			isa = PBXVariantGroup;
			children = (
				D0DCE4782C0F494800B6660E /* Base */,
			);
			name = LaunchScreen.storyboard;
			sourceTree = "<group>";
		};
/* End PBXVariantGroup section */

/* Begin XCBuildConfiguration section */
		D0DCE47B2C0F494800B6660E /* Debug */ = {
			isa = XCBuildConfiguration;
			buildSettings = {
				ALWAYS_SEARCH_USER_PATHS = NO;
				ASSETCATALOG_COMPILER_GENERATE_SWIFT_ASSET_SYMBOL_EXTENSIONS = YES;
				CLANG_ANALYZER_NONNULL = YES;
				CLANG_ANALYZER_NUMBER_OBJECT_CONVERSION = YES_AGGRESSIVE;
				CLANG_CXX_LANGUAGE_STANDARD = "gnu++20";
				CLANG_ENABLE_MODULES = YES;
				CLANG_ENABLE_OBJC_ARC = YES;
				CLANG_ENABLE_OBJC_WEAK = YES;
				CLANG_WARN_BLOCK_CAPTURE_AUTORELEASING = YES;
				CLANG_WARN_BOOL_CONVERSION = YES;
				CLANG_WARN_COMMA = YES;
				CLANG_WARN_CONSTANT_CONVERSION = YES;
				CLANG_WARN_DEPRECATED_OBJC_IMPLEMENTATIONS = YES;
				CLANG_WARN_DIRECT_OBJC_ISA_USAGE = YES_ERROR;
				CLANG_WARN_DOCUMENTATION_COMMENTS = YES;
				CLANG_WARN_EMPTY_BODY = YES;
				CLANG_WARN_ENUM_CONVERSION = YES;
				CLANG_WARN_INFINITE_RECURSION = YES;
				CLANG_WARN_INT_CONVERSION = YES;
				CLANG_WARN_NON_LITERAL_NULL_CONVERSION = YES;
				CLANG_WARN_OBJC_IMPLICIT_RETAIN_SELF = YES;
				CLANG_WARN_OBJC_LITERAL_CONVERSION = YES;
				CLANG_WARN_OBJC_ROOT_CLASS = YES_ERROR;
				CLANG_WARN_QUOTED_INCLUDE_IN_FRAMEWORK_HEADER = YES;
				CLANG_WARN_RANGE_LOOP_ANALYSIS = YES;
				CLANG_WARN_STRICT_PROTOTYPES = YES;
				CLANG_WARN_SUSPICIOUS_MOVE = YES;
				CLANG_WARN_UNGUARDED_AVAILABILITY = YES_AGGRESSIVE;
				CLANG_WARN_UNREACHABLE_CODE = YES;
				CLANG_WARN__DUPLICATE_METHOD_MATCH = YES;
				COPY_PHASE_STRIP = NO;
				DEBUG_INFORMATION_FORMAT = dwarf;
				ENABLE_STRICT_OBJC_MSGSEND = YES;
				ENABLE_TESTABILITY = YES;
				ENABLE_USER_SCRIPT_SANDBOXING = YES;
				GCC_C_LANGUAGE_STANDARD = gnu17;
				GCC_DYNAMIC_NO_PIC = NO;
				GCC_NO_COMMON_BLOCKS = YES;
				GCC_OPTIMIZATION_LEVEL = 0;
				GCC_PREPROCESSOR_DEFINITIONS = (
					"DEBUG=1",
					"$(inherited)",
				);
				GCC_WARN_64_TO_32_BIT_CONVERSION = YES;
				GCC_WARN_ABOUT_RETURN_TYPE = YES_ERROR;
				GCC_WARN_UNDECLARED_SELECTOR = YES;
				GCC_WARN_UNINITIALIZED_AUTOS = YES_AGGRESSIVE;
				GCC_WARN_UNUSED_FUNCTION = YES;
				GCC_WARN_UNUSED_VARIABLE = YES;
				IPHONEOS_DEPLOYMENT_TARGET = 17.5;
				LOCALIZATION_PREFERS_STRING_CATALOGS = YES;
				MTL_ENABLE_DEBUG_INFO = INCLUDE_SOURCE;
				MTL_FAST_MATH = YES;
				ONLY_ACTIVE_ARCH = YES;
				SDKROOT = iphoneos;
				SWIFT_ACTIVE_COMPILATION_CONDITIONS = "DEBUG $(inherited)";
				SWIFT_OPTIMIZATION_LEVEL = "-Onone";
			};
			name = Debug;
		};
		D0DCE47C2C0F494800B6660E /* Release */ = {
			isa = XCBuildConfiguration;
			buildSettings = {
				ALWAYS_SEARCH_USER_PATHS = NO;
				ASSETCATALOG_COMPILER_GENERATE_SWIFT_ASSET_SYMBOL_EXTENSIONS = YES;
				CLANG_ANALYZER_NONNULL = YES;
				CLANG_ANALYZER_NUMBER_OBJECT_CONVERSION = YES_AGGRESSIVE;
				CLANG_CXX_LANGUAGE_STANDARD = "gnu++20";
				CLANG_ENABLE_MODULES = YES;
				CLANG_ENABLE_OBJC_ARC = YES;
				CLANG_ENABLE_OBJC_WEAK = YES;
				CLANG_WARN_BLOCK_CAPTURE_AUTORELEASING = YES;
				CLANG_WARN_BOOL_CONVERSION = YES;
				CLANG_WARN_COMMA = YES;
				CLANG_WARN_CONSTANT_CONVERSION = YES;
				CLANG_WARN_DEPRECATED_OBJC_IMPLEMENTATIONS = YES;
				CLANG_WARN_DIRECT_OBJC_ISA_USAGE = YES_ERROR;
				CLANG_WARN_DOCUMENTATION_COMMENTS = YES;
				CLANG_WARN_EMPTY_BODY = YES;
				CLANG_WARN_ENUM_CONVERSION = YES;
				CLANG_WARN_INFINITE_RECURSION = YES;
				CLANG_WARN_INT_CONVERSION = YES;
				CLANG_WARN_NON_LITERAL_NULL_CONVERSION = YES;
				CLANG_WARN_OBJC_IMPLICIT_RETAIN_SELF = YES;
				CLANG_WARN_OBJC_LITERAL_CONVERSION = YES;
				CLANG_WARN_OBJC_ROOT_CLASS = YES_ERROR;
				CLANG_WARN_QUOTED_INCLUDE_IN_FRAMEWORK_HEADER = YES;
				CLANG_WARN_RANGE_LOOP_ANALYSIS = YES;
				CLANG_WARN_STRICT_PROTOTYPES = YES;
				CLANG_WARN_SUSPICIOUS_MOVE = YES;
				CLANG_WARN_UNGUARDED_AVAILABILITY = YES_AGGRESSIVE;
				CLANG_WARN_UNREACHABLE_CODE = YES;
				CLANG_WARN__DUPLICATE_METHOD_MATCH = YES;
				COPY_PHASE_STRIP = NO;
				DEBUG_INFORMATION_FORMAT = "dwarf-with-dsym";
				ENABLE_NS_ASSERTIONS = NO;
				ENABLE_STRICT_OBJC_MSGSEND = YES;
				ENABLE_USER_SCRIPT_SANDBOXING = YES;
				GCC_C_LANGUAGE_STANDARD = gnu17;
				GCC_NO_COMMON_BLOCKS = YES;
				GCC_WARN_64_TO_32_BIT_CONVERSION = YES;
				GCC_WARN_ABOUT_RETURN_TYPE = YES_ERROR;
				GCC_WARN_UNDECLARED_SELECTOR = YES;
				GCC_WARN_UNINITIALIZED_AUTOS = YES_AGGRESSIVE;
				GCC_WARN_UNUSED_FUNCTION = YES;
				GCC_WARN_UNUSED_VARIABLE = YES;
				IPHONEOS_DEPLOYMENT_TARGET = 17.5;
				LOCALIZATION_PREFERS_STRING_CATALOGS = YES;
				MTL_ENABLE_DEBUG_INFO = NO;
				MTL_FAST_MATH = YES;
				SDKROOT = iphoneos;
				SWIFT_COMPILATION_MODE = wholemodule;
				VALIDATE_PRODUCT = YES;
			};
			name = Release;
		};
		D0DCE47E2C0F494800B6660E /* Debug */ = {
			isa = XCBuildConfiguration;
			buildSettings = {
				ASSETCATALOG_COMPILER_APPICON_NAME = AppIcon;
				ASSETCATALOG_COMPILER_GLOBAL_ACCENT_COLOR_NAME = AccentColor;
				CODE_SIGN_STYLE = Automatic;
				CURRENT_PROJECT_VERSION = 1;
				DEVELOPMENT_TEAM = KH6FV7B5AZ;
				GENERATE_INFOPLIST_FILE = YES;
				INFOPLIST_FILE = New_Bookspeare/Info.plist;
				INFOPLIST_KEY_NSCalendarsUsageDescription = "Allows calendar to be used";
				INFOPLIST_KEY_NSContactsUsageDescription = "To fetch contacts";
				INFOPLIST_KEY_NSLocationAlwaysAndWhenInUseUsageDescription = "Please enable your location to continue further!";
				INFOPLIST_KEY_NSLocationWhenInUseUsageDescription = "Please enable location to continue swap!";
				INFOPLIST_KEY_UIApplicationSupportsIndirectInputEvents = YES;
				INFOPLIST_KEY_UILaunchStoryboardName = LaunchScreen;
				INFOPLIST_KEY_UIMainStoryboardFile = Main;
				INFOPLIST_KEY_UISupportedInterfaceOrientations_iPad = "UIInterfaceOrientationPortrait UIInterfaceOrientationPortraitUpsideDown UIInterfaceOrientationLandscapeLeft UIInterfaceOrientationLandscapeRight";
				INFOPLIST_KEY_UISupportedInterfaceOrientations_iPhone = "UIInterfaceOrientationPortrait UIInterfaceOrientationLandscapeLeft UIInterfaceOrientationLandscapeRight";
				IPHONEOS_DEPLOYMENT_TARGET = 17.2;
				LD_RUNPATH_SEARCH_PATHS = (
					"$(inherited)",
					"@executable_path/Frameworks",
				);
				MARKETING_VERSION = 1.0;
				PRODUCT_BUNDLE_IDENTIFIER = anchal.book;
				PRODUCT_NAME = "$(TARGET_NAME)";
				SWIFT_EMIT_LOC_STRINGS = YES;
				SWIFT_VERSION = 5.0;
				TARGETED_DEVICE_FAMILY = "1,2";
			};
			name = Debug;
		};
		D0DCE47F2C0F494800B6660E /* Release */ = {
			isa = XCBuildConfiguration;
			buildSettings = {
				ASSETCATALOG_COMPILER_APPICON_NAME = AppIcon;
				ASSETCATALOG_COMPILER_GLOBAL_ACCENT_COLOR_NAME = AccentColor;
				CODE_SIGN_STYLE = Automatic;
				CURRENT_PROJECT_VERSION = 1;
				DEVELOPMENT_TEAM = KH6FV7B5AZ;
				GENERATE_INFOPLIST_FILE = YES;
				INFOPLIST_FILE = New_Bookspeare/Info.plist;
				INFOPLIST_KEY_NSCalendarsUsageDescription = "Allows calendar to be used";
				INFOPLIST_KEY_NSContactsUsageDescription = "To fetch contacts";
				INFOPLIST_KEY_NSLocationAlwaysAndWhenInUseUsageDescription = "Please enable your location to continue further!";
				INFOPLIST_KEY_NSLocationWhenInUseUsageDescription = "Please enable location to continue swap!";
				INFOPLIST_KEY_UIApplicationSupportsIndirectInputEvents = YES;
				INFOPLIST_KEY_UILaunchStoryboardName = LaunchScreen;
				INFOPLIST_KEY_UIMainStoryboardFile = Main;
				INFOPLIST_KEY_UISupportedInterfaceOrientations_iPad = "UIInterfaceOrientationPortrait UIInterfaceOrientationPortraitUpsideDown UIInterfaceOrientationLandscapeLeft UIInterfaceOrientationLandscapeRight";
				INFOPLIST_KEY_UISupportedInterfaceOrientations_iPhone = "UIInterfaceOrientationPortrait UIInterfaceOrientationLandscapeLeft UIInterfaceOrientationLandscapeRight";
				IPHONEOS_DEPLOYMENT_TARGET = 17.2;
				LD_RUNPATH_SEARCH_PATHS = (
					"$(inherited)",
					"@executable_path/Frameworks",
				);
				MARKETING_VERSION = 1.0;
				PRODUCT_BUNDLE_IDENTIFIER = anchal.book;
				PRODUCT_NAME = "$(TARGET_NAME)";
				SWIFT_EMIT_LOC_STRINGS = YES;
				SWIFT_VERSION = 5.0;
				TARGETED_DEVICE_FAMILY = "1,2";
			};
			name = Release;
		};
/* End XCBuildConfiguration section */

/* Begin XCConfigurationList section */
		D0DCE4642C0F494600B6660E /* Build configuration list for PBXProject "New_Bookspeare" */ = {
			isa = XCConfigurationList;
			buildConfigurations = (
				D0DCE47B2C0F494800B6660E /* Debug */,
				D0DCE47C2C0F494800B6660E /* Release */,
			);
			defaultConfigurationIsVisible = 0;
			defaultConfigurationName = Release;
		};
		D0DCE47D2C0F494800B6660E /* Build configuration list for PBXNativeTarget "New_Bookspeare" */ = {
			isa = XCConfigurationList;
			buildConfigurations = (
				D0DCE47E2C0F494800B6660E /* Debug */,
				D0DCE47F2C0F494800B6660E /* Release */,
			);
			defaultConfigurationIsVisible = 0;
			defaultConfigurationName = Release;
		};
/* End XCConfigurationList section */

/* Begin XCRemoteSwiftPackageReference section */
		90ABB7E42C198B53005BB26D /* XCRemoteSwiftPackageReference "CalendarKit" */ = {
			isa = XCRemoteSwiftPackageReference;
			repositoryURL = "https://github.com/richardtop/CalendarKit.git";
			requirement = {
				kind = upToNextMajorVersion;
				minimumVersion = 1.1.10;
			};
		};
		90ABB7E72C198B80005BB26D /* XCRemoteSwiftPackageReference "FSCalendar" */ = {
			isa = XCRemoteSwiftPackageReference;
			repositoryURL = "https://github.com/WenchaoD/FSCalendar.git";
			requirement = {
				kind = upToNextMajorVersion;
				minimumVersion = 2.8.4;
			};
		};
		D0DCE5232C0FA22F00B6660E /* XCRemoteSwiftPackageReference "firebase-ios-sdk" */ = {
			isa = XCRemoteSwiftPackageReference;
			repositoryURL = "https://github.com/firebase/firebase-ios-sdk";
			requirement = {
				kind = upToNextMajorVersion;
				minimumVersion = 10.27.0;
			};
		};
/* End XCRemoteSwiftPackageReference section */

/* Begin XCSwiftPackageProductDependency section */
		90ABB7E52C198B53005BB26D /* CalendarKit */ = {
			isa = XCSwiftPackageProductDependency;
			package = 90ABB7E42C198B53005BB26D /* XCRemoteSwiftPackageReference "CalendarKit" */;
			productName = CalendarKit;
		};
		90ABB7E82C198B80005BB26D /* FSCalendar */ = {
			isa = XCSwiftPackageProductDependency;
			package = 90ABB7E72C198B80005BB26D /* XCRemoteSwiftPackageReference "FSCalendar" */;
			productName = FSCalendar;
		};
		90ABB7EA2C198BD6005BB26D /* CalendarKit */ = {
			isa = XCSwiftPackageProductDependency;
			package = 90ABB7E42C198B53005BB26D /* XCRemoteSwiftPackageReference "CalendarKit" */;
			productName = CalendarKit;
		};
		D0244ABA2C14546400C8D87E /* FirebaseDatabase */ = {
			isa = XCSwiftPackageProductDependency;
			package = D0DCE5232C0FA22F00B6660E /* XCRemoteSwiftPackageReference "firebase-ios-sdk" */;
			productName = FirebaseDatabase;
		};
		D08868F82C1451CD00CC4532 /* FirebaseDatabaseSwift */ = {
			isa = XCSwiftPackageProductDependency;
			package = D0DCE5232C0FA22F00B6660E /* XCRemoteSwiftPackageReference "firebase-ios-sdk" */;
			productName = FirebaseDatabaseSwift;
		};
		D0DCE5252C0FA29600B6660E /* FirebaseAuth */ = {
			isa = XCSwiftPackageProductDependency;
			package = D0DCE5232C0FA22F00B6660E /* XCRemoteSwiftPackageReference "firebase-ios-sdk" */;
			productName = FirebaseAuth;
		};
		D0DCE5272C0FA29600B6660E /* FirebaseFirestore */ = {
			isa = XCSwiftPackageProductDependency;
			package = D0DCE5232C0FA22F00B6660E /* XCRemoteSwiftPackageReference "firebase-ios-sdk" */;
			productName = FirebaseFirestore;
		};
		D0DCE5292C0FA2C600B6660E /* FirebaseFirestoreSwift */ = {
			isa = XCSwiftPackageProductDependency;
			package = D0DCE5232C0FA22F00B6660E /* XCRemoteSwiftPackageReference "firebase-ios-sdk" */;
			productName = FirebaseFirestoreSwift;
		};
		D0DCE52B2C0FA2C600B6660E /* FirebaseStorage */ = {
			isa = XCSwiftPackageProductDependency;
			package = D0DCE5232C0FA22F00B6660E /* XCRemoteSwiftPackageReference "firebase-ios-sdk" */;
			productName = FirebaseStorage;
		};
/* End XCSwiftPackageProductDependency section */
	};
	rootObject = D0DCE4612C0F494600B6660E /* Project object */;
}
